
Microsoft Visual Studio Solution File, Format Version 12.00
# Visual Studio Version 17
VisualStudioVersion = 17.3.32901.215
MinimumVisualStudioVersion = 10.0.40219.1
Project("{FAE04EC0-301F-11D3-BF4B-00C04F79EFBC}") = "Ariketa2", "Ariketa2\Ariketa2.csproj", "{B0B2A362-A8CF-4BD7-875D-9963863CC265}"
EndProject
Global
	GlobalSection(SolutionConfigurationPlatforms) = preSolution
		Debug|Any CPU = Debug|Any CPU
		Release|Any CPU = Release|Any CPU
	EndGlobalSection
	GlobalSection(ProjectConfigurationPlatforms) = postSolution
		{B0B2A362-A8CF-4BD7-875D-9963863CC265}.Debug|Any CPU.ActiveCfg = Debug|Any CPU
		{B0B2A362-A8CF-4BD7-875D-9963863CC265}.Debug|Any CPU.Build.0 = Debug|Any CPU
		{B0B2A362-A8CF-4BD7-875D-9963863CC265}.Release|Any CPU.ActiveCfg = Release|Any CPU
		{B0B2A362-A8CF-4BD7-875D-9963863CC265}.Release|Any CPU.Build.0 = Release|Any CPU
	EndGlobalSection
	GlobalSection(SolutionProperties) = preSolution
		HideSolutionNode = FALSE
	EndGlobalSection
	GlobalSection(ExtensibilityGlobals) = postSolution
		SolutionGuid = {8CD6DA74-13E3-48FE-9863-7922DDBE60B2}
	EndGlobalSection
EndGlobal
