
Microsoft Visual Studio Solution File, Format Version 12.00
# Visual Studio Version 17
VisualStudioVersion = 17.3.32901.215
MinimumVisualStudioVersion = 10.0.40219.1
Project("{FAE04EC0-301F-11D3-BF4B-00C04F79EFBC}") = "KaixoMundua", "KaixoMundua\KaixoMundua.csproj", "{2FDC71A8-8926-46D5-B495-CC86BC20E191}"
EndProject
Global
	GlobalSection(SolutionConfigurationPlatforms) = preSolution
		Debug|Any CPU = Debug|Any CPU
		Release|Any CPU = Release|Any CPU
	EndGlobalSection
	GlobalSection(ProjectConfigurationPlatforms) = postSolution
		{2FDC71A8-8926-46D5-B495-CC86BC20E191}.Debug|Any CPU.ActiveCfg = Debug|Any CPU
		{2FDC71A8-8926-46D5-B495-CC86BC20E191}.Debug|Any CPU.Build.0 = Debug|Any CPU
		{2FDC71A8-8926-46D5-B495-CC86BC20E191}.Release|Any CPU.ActiveCfg = Release|Any CPU
		{2FDC71A8-8926-46D5-B495-CC86BC20E191}.Release|Any CPU.Build.0 = Release|Any CPU
	EndGlobalSection
	GlobalSection(SolutionProperties) = preSolution
		HideSolutionNode = FALSE
	EndGlobalSection
	GlobalSection(ExtensibilityGlobals) = postSolution
		SolutionGuid = {92F745AE-BD9D-43D0-AD3B-5176CEFB8A36}
	EndGlobalSection
EndGlobal
